
Microsoft Visual Studio Solution File, Format Version 12.00
# Visual Studio 15
VisualStudioVersion = 15.0.26430.14
MinimumVisualStudioVersion = 10.0.40219.1
Project("{FAE04EC0-301F-11D3-BF4B-00C04F79EFBC}") = "SportsStore.Domain", "SportsStore.Domain\SportsStore.Domain.csproj", "{FF8AE1DF-8583-42F9-BA0C-37D7A37ABE8E}"
EndProject
Project("{FAE04EC0-301F-11D3-BF4B-00C04F79EFBC}") = "SportsStore.WebUI", "SportsStore.WebUI\SportsStore.WebUI.csproj", "{B70F47AC-1812-4B0C-9763-620AC43BA491}"
EndProject
Project("{FAE04EC0-301F-11D3-BF4B-00C04F79EFBC}") = "SportsStore.UnitTests", "SportsStore.UnitTests\SportsStore.UnitTests.csproj", "{D7CF81F7-5F78-466F-B50C-046F03787562}"
EndProject
Global
	GlobalSection(SolutionConfigurationPlatforms) = preSolution
		Debug|Any CPU = Debug|Any CPU
		Release|Any CPU = Release|Any CPU
	EndGlobalSection
	GlobalSection(ProjectConfigurationPlatforms) = postSolution
		{FF8AE1DF-8583-42F9-BA0C-37D7A37ABE8E}.Debug|Any CPU.ActiveCfg = Debug|Any CPU
		{FF8AE1DF-8583-42F9-BA0C-37D7A37ABE8E}.Debug|Any CPU.Build.0 = Debug|Any CPU
		{FF8AE1DF-8583-42F9-BA0C-37D7A37ABE8E}.Release|Any CPU.ActiveCfg = Release|Any CPU
		{FF8AE1DF-8583-42F9-BA0C-37D7A37ABE8E}.Release|Any CPU.Build.0 = Release|Any CPU
		{B70F47AC-1812-4B0C-9763-620AC43BA491}.Debug|Any CPU.ActiveCfg = Debug|Any CPU
		{B70F47AC-1812-4B0C-9763-620AC43BA491}.Debug|Any CPU.Build.0 = Debug|Any CPU
		{B70F47AC-1812-4B0C-9763-620AC43BA491}.Release|Any CPU.ActiveCfg = Release|Any CPU
		{B70F47AC-1812-4B0C-9763-620AC43BA491}.Release|Any CPU.Build.0 = Release|Any CPU
		{D7CF81F7-5F78-466F-B50C-046F03787562}.Debug|Any CPU.ActiveCfg = Debug|Any CPU
		{D7CF81F7-5F78-466F-B50C-046F03787562}.Debug|Any CPU.Build.0 = Debug|Any CPU
		{D7CF81F7-5F78-466F-B50C-046F03787562}.Release|Any CPU.ActiveCfg = Release|Any CPU
		{D7CF81F7-5F78-466F-B50C-046F03787562}.Release|Any CPU.Build.0 = Release|Any CPU
	EndGlobalSection
	GlobalSection(SolutionProperties) = preSolution
		HideSolutionNode = FALSE
	EndGlobalSection
EndGlobal
